
Microsoft Visual Studio Solution File, Format Version 12.00
# Visual Studio Version 17
VisualStudioVersion = 17.1.32228.430
MinimumVisualStudioVersion = 10.0.40219.1
Project("{FAE04EC0-301F-11D3-BF4B-00C04F79EFBC}") = "FileBoxUI", "FileBoxUI\FileBoxUI.csproj", "{39F3CED3-268D-49AB-93AD-3AB1CD6F20D0}"
EndProject
Global
	GlobalSection(SolutionConfigurationPlatforms) = preSolution
		Debug|Any CPU = Debug|Any CPU
		Release|Any CPU = Release|Any CPU
	EndGlobalSection
	GlobalSection(ProjectConfigurationPlatforms) = postSolution
		{39F3CED3-268D-49AB-93AD-3AB1CD6F20D0}.Debug|Any CPU.ActiveCfg = Debug|Any CPU
		{39F3CED3-268D-49AB-93AD-3AB1CD6F20D0}.Debug|Any CPU.Build.0 = Debug|Any CPU
		{39F3CED3-268D-49AB-93AD-3AB1CD6F20D0}.Release|Any CPU.ActiveCfg = Release|Any CPU
		{39F3CED3-268D-49AB-93AD-3AB1CD6F20D0}.Release|Any CPU.Build.0 = Release|Any CPU
	EndGlobalSection
	GlobalSection(SolutionProperties) = preSolution
		HideSolutionNode = FALSE
	EndGlobalSection
	GlobalSection(ExtensibilityGlobals) = postSolution
		SolutionGuid = {BA9EDD78-6692-4616-8E0B-41DC86FD4BF9}
	EndGlobalSection
EndGlobal
