
Microsoft Visual Studio Solution File, Format Version 12.00
# Visual Studio Version 17
VisualStudioVersion = 17.1.32228.430
MinimumVisualStudioVersion = 10.0.40219.1
Project("{9A19103F-16F7-4668-BE54-9A1E7A4F7556}") = "FileBox", "FileBox\FileBox.csproj", "{E6ED28B5-F044-4710-B546-3D7AE05B57E9}"
EndProject
Project("{9A19103F-16F7-4668-BE54-9A1E7A4F7556}") = "FileBoxUI", "..\DD\FileBoxUI\FileBoxUI\FileBoxUI.csproj", "{30C504CB-9FFE-489A-BB7A-577EC651E80C}"
EndProject
Global
	GlobalSection(SolutionConfigurationPlatforms) = preSolution
		Debug|Any CPU = Debug|Any CPU
		Release|Any CPU = Release|Any CPU
	EndGlobalSection
	GlobalSection(ProjectConfigurationPlatforms) = postSolution
		{E6ED28B5-F044-4710-B546-3D7AE05B57E9}.Debug|Any CPU.ActiveCfg = Debug|Any CPU
		{E6ED28B5-F044-4710-B546-3D7AE05B57E9}.Debug|Any CPU.Build.0 = Debug|Any CPU
		{E6ED28B5-F044-4710-B546-3D7AE05B57E9}.Release|Any CPU.ActiveCfg = Release|Any CPU
		{E6ED28B5-F044-4710-B546-3D7AE05B57E9}.Release|Any CPU.Build.0 = Release|Any CPU
		{30C504CB-9FFE-489A-BB7A-577EC651E80C}.Debug|Any CPU.ActiveCfg = Debug|Any CPU
		{30C504CB-9FFE-489A-BB7A-577EC651E80C}.Debug|Any CPU.Build.0 = Debug|Any CPU
		{30C504CB-9FFE-489A-BB7A-577EC651E80C}.Release|Any CPU.ActiveCfg = Release|Any CPU
		{30C504CB-9FFE-489A-BB7A-577EC651E80C}.Release|Any CPU.Build.0 = Release|Any CPU
	EndGlobalSection
	GlobalSection(SolutionProperties) = preSolution
		HideSolutionNode = FALSE
	EndGlobalSection
	GlobalSection(ExtensibilityGlobals) = postSolution
		SolutionGuid = {B2E33BEC-AF05-4707-9695-B4A232068746}
	EndGlobalSection
EndGlobal
